
Microsoft Visual Studio Solution File, Format Version 12.00
# Visual Studio 15
VisualStudioVersion = 15.0.27703.2000
MinimumVisualStudioVersion = 10.0.40219.1
Project("{FAE04EC0-301F-11D3-BF4B-00C04F79EFBC}") = "FaceDetection", "FaceDetection\FaceDetection.csproj", "{96432023-31B1-4D4D-8ECC-938B20E9D9CA}"
EndProject
Global
	GlobalSection(SolutionConfigurationPlatforms) = preSolution
		Debug|Any CPU = Debug|Any CPU
		Release|Any CPU = Release|Any CPU
	EndGlobalSection
	GlobalSection(ProjectConfigurationPlatforms) = postSolution
		{96432023-31B1-4D4D-8ECC-938B20E9D9CA}.Debug|Any CPU.ActiveCfg = Debug|Any CPU
		{96432023-31B1-4D4D-8ECC-938B20E9D9CA}.Debug|Any CPU.Build.0 = Debug|Any CPU
		{96432023-31B1-4D4D-8ECC-938B20E9D9CA}.Release|Any CPU.ActiveCfg = Release|Any CPU
		{96432023-31B1-4D4D-8ECC-938B20E9D9CA}.Release|Any CPU.Build.0 = Release|Any CPU
	EndGlobalSection
	GlobalSection(SolutionProperties) = preSolution
		HideSolutionNode = FALSE
	EndGlobalSection
	GlobalSection(ExtensibilityGlobals) = postSolution
		SolutionGuid = {BD61BF17-82C3-4261-824B-ECDB0D20AF9A}
	EndGlobalSection
EndGlobal
